
Microsoft Visual Studio Solution File, Format Version 12.00
# Visual Studio Version 16
VisualStudioVersion = 16.0.30204.135
MinimumVisualStudioVersion = 10.0.40219.1
Project("{A07B5EB6-E848-4116-A8D0-A826331D98C6}") = "Application1", "Application1\Application1.sfproj", "{BE9EE0D8-46D0-4C04-9CCD-0043929AE7B2}"
EndProject
Global
	GlobalSection(SolutionConfigurationPlatforms) = preSolution
		Debug|Any CPU = Debug|Any CPU
		Debug|x64 = Debug|x64
		Release|Any CPU = Release|Any CPU
		Release|x64 = Release|x64
	EndGlobalSection
	GlobalSection(ProjectConfigurationPlatforms) = postSolution
		{BE9EE0D8-46D0-4C04-9CCD-0043929AE7B2}.Debug|Any CPU.ActiveCfg = Debug|x64
		{BE9EE0D8-46D0-4C04-9CCD-0043929AE7B2}.Debug|x64.ActiveCfg = Debug|x64
		{BE9EE0D8-46D0-4C04-9CCD-0043929AE7B2}.Debug|x64.Build.0 = Debug|x64
		{BE9EE0D8-46D0-4C04-9CCD-0043929AE7B2}.Debug|x64.Deploy.0 = Debug|x64
		{BE9EE0D8-46D0-4C04-9CCD-0043929AE7B2}.Release|Any CPU.ActiveCfg = Release|x64
		{BE9EE0D8-46D0-4C04-9CCD-0043929AE7B2}.Release|x64.ActiveCfg = Release|x64
		{BE9EE0D8-46D0-4C04-9CCD-0043929AE7B2}.Release|x64.Build.0 = Release|x64
		{BE9EE0D8-46D0-4C04-9CCD-0043929AE7B2}.Release|x64.Deploy.0 = Release|x64
	EndGlobalSection
	GlobalSection(SolutionProperties) = preSolution
		HideSolutionNode = FALSE
	EndGlobalSection
	GlobalSection(ExtensibilityGlobals) = postSolution
		SolutionGuid = {6644F700-C843-4EF7-893E-9AB363B8D3DB}
	EndGlobalSection
EndGlobal
